
Microsoft Visual Studio Solution File, Format Version 12.00
# Visual Studio Version 16
VisualStudioVersion = 16.0.29306.81
MinimumVisualStudioVersion = 10.0.40219.1
Project("{FAE04EC0-301F-11D3-BF4B-00C04F79EFBC}") = "DataBaseFillTest", "DataBaseFillTest\DataBaseFillTest.csproj", "{67466722-D963-4B62-A345-399F44E8732E}"
EndProject
Global
	GlobalSection(SolutionConfigurationPlatforms) = preSolution
		Debug|Any CPU = Debug|Any CPU
		Release|Any CPU = Release|Any CPU
	EndGlobalSection
	GlobalSection(ProjectConfigurationPlatforms) = postSolution
		{67466722-D963-4B62-A345-399F44E8732E}.Debug|Any CPU.ActiveCfg = Debug|Any CPU
		{67466722-D963-4B62-A345-399F44E8732E}.Debug|Any CPU.Build.0 = Debug|Any CPU
		{67466722-D963-4B62-A345-399F44E8732E}.Release|Any CPU.ActiveCfg = Release|Any CPU
		{67466722-D963-4B62-A345-399F44E8732E}.Release|Any CPU.Build.0 = Release|Any CPU
	EndGlobalSection
	GlobalSection(SolutionProperties) = preSolution
		HideSolutionNode = FALSE
	EndGlobalSection
	GlobalSection(ExtensibilityGlobals) = postSolution
		SolutionGuid = {1C7AD0B3-28F9-4D26-BA6D-A978A6D6B076}
	EndGlobalSection
EndGlobal
